// !$*UTF8*$!
{
	archiveVersion = 1;
	classes = {
	};
	objectVersion = 50;
	objects = {

/* Begin PBXBuildFile section */
		D0362BA022C1B18D00B4A944 /* AppDelegate.m in Sources */ = {isa = PBXBuildFile; fileRef = D0362B9F22C1B18D00B4A944 /* AppDelegate.m */; };
		D0362BA222C1B18D00B4A944 /* Assets.xcassets in Resources */ = {isa = PBXBuildFile; fileRef = D0362BA122C1B18D00B4A944 /* Assets.xcassets */; };
		D0362BA522C1B18D00B4A944 /* MainMenu.xib in Resources */ = {isa = PBXBuildFile; fileRef = D0362BA322C1B18D00B4A944 /* MainMenu.xib */; };
		D0362BA822C1B18E00B4A944 /* main.m in Sources */ = {isa = PBXBuildFile; fileRef = D0362BA722C1B18E00B4A944 /* main.m */; };
		D0362BB122C1B1A100B4A944 /* DraggingView.m in Sources */ = {isa = PBXBuildFile; fileRef = D0362BB022C1B1A100B4A944 /* DraggingView.m */; };
/* End PBXBuildFile section */

/* Begin PBXFileReference section */
		D0362B9B22C1B18D00B4A944 /* MyDraggingView.app */ = {isa = PBXFileReference; explicitFileType = wrapper.application; includeInIndex = 0; path = MyDraggingView.app; sourceTree = BUILT_PRODUCTS_DIR; };
		D0362B9E22C1B18D00B4A944 /* AppDelegate.h */ = {isa = PBXFileReference; lastKnownFileType = sourcecode.c.h; path = AppDelegate.h; sourceTree = "<group>"; };
		D0362B9F22C1B18D00B4A944 /* AppDelegate.m */ = {isa = PBXFileReference; lastKnownFileType = sourcecode.c.objc; path = AppDelegate.m; sourceTree = "<group>"; };
		D0362BA122C1B18D00B4A944 /* Assets.xcassets */ = {isa = PBXFileReference; lastKnownFileType = folder.assetcatalog; path = Assets.xcassets; sourceTree = "<group>"; };
		D0362BA422C1B18D00B4A944 /* Base */ = {isa = PBXFileReference; lastKnownFileType = file.xib; name = Base; path = Base.lproj/MainMenu.xib; sourceTree = "<group>"; };
		D0362BA622C1B18D00B4A944 /* Info.plist */ = {isa = PBXFileReference; lastKnownFileType = text.plist.xml; path = Info.plist; sourceTree = "<group>"; };
		D0362BA722C1B18E00B4A944 /* main.m */ = {isa = PBXFileReference; lastKnownFileType = sourcecode.c.objc; path = main.m; sourceTree = "<group>"; };
		D0362BA922C1B18E00B4A944 /* MyDraggingView.entitlements */ = {isa = PBXFileReference; lastKnownFileType = text.plist.entitlements; path = MyDraggingView.entitlements; sourceTree = "<group>"; };
		D0362BAF22C1B1A100B4A944 /* DraggingView.h */ = {isa = PBXFileReference; lastKnownFileType = sourcecode.c.h; path = DraggingView.h; sourceTree = "<group>"; };
		D0362BB022C1B1A100B4A944 /* DraggingView.m */ = {isa = PBXFileReference; lastKnownFileType = sourcecode.c.objc; path = DraggingView.m; sourceTree = "<group>"; };
/* End PBXFileReference section */

/* Begin PBXFrameworksBuildPhase section */
		D0362B9822C1B18D00B4A944 /* Frameworks */ = {
			isa = PBXFrameworksBuildPhase;
			buildActionMask = 2147483647;
			files = (
			);
			runOnlyForDeploymentPostprocessing = 0;
		};
/* End PBXFrameworksBuildPhase section */

/* Begin PBXGroup section */
		D0362B9222C1B18D00B4A944 = {
			isa = PBXGroup;
			children = (
				D0362B9D22C1B18D00B4A944 /* MyDraggingView */,
				D0362B9C22C1B18D00B4A944 /* Products */,
			);
			sourceTree = "<group>";
		};
		D0362B9C22C1B18D00B4A944 /* Products */ = {
			isa = PBXGroup;
			children = (
				D0362B9B22C1B18D00B4A944 /* MyDraggingView.app */,
			);
			name = Products;
			sourceTree = "<group>";
		};
		D0362B9D22C1B18D00B4A944 /* MyDraggingView */ = {
			isa = PBXGroup;
			children = (
				D0362B9E22C1B18D00B4A944 /* AppDelegate.h */,
				D0362B9F22C1B18D00B4A944 /* AppDelegate.m */,
				D0362BAF22C1B1A100B4A944 /* DraggingView.h */,
				D0362BB022C1B1A100B4A944 /* DraggingView.m */,
				D0362BA122C1B18D00B4A944 /* Assets.xcassets */,
				D0362BA322C1B18D00B4A944 /* MainMenu.xib */,
				D0362BA622C1B18D00B4A944 /* Info.plist */,
				D0362BA722C1B18E00B4A944 /* main.m */,
				D0362BA922C1B18E00B4A944 /* MyDraggingView.entitlements */,
			);
			path = MyDraggingView;
			sourceTree = "<group>";
		};
/* End PBXGroup section */

/* Begin PBXNativeTarget section */
		D0362B9A22C1B18D00B4A944 /* MyDraggingView */ = {
			isa = PBXNativeTarget;
			buildConfigurationList = D0362BAC22C1B18E00B4A944 /* Build configuration list for PBXNativeTarget "MyDraggingView" */;
			buildPhases = (
				D0362B9722C1B18D00B4A944 /* Sources */,
				D0362B9822C1B18D00B4A944 /* Frameworks */,
				D0362B9922C1B18D00B4A944 /* Resources */,
			);
			buildRules = (
			);
			dependencies = (
			);
			name = MyDraggingView;
			productName = MyDraggingView;
			productReference = D0362B9B22C1B18D00B4A944 /* MyDraggingView.app */;
			productType = "com.apple.product-type.application";
		};
/* End PBXNativeTarget section */

/* Begin PBXProject section */
		D0362B9322C1B18D00B4A944 /* Project object */ = {
			isa = PBXProject;
			attributes = {
				LastUpgradeCheck = 1010;
				ORGANIZATIONNAME = hikeuchi;
				TargetAttributes = {
					D0362B9A22C1B18D00B4A944 = {
						CreatedOnToolsVersion = 10.1;
					};
				};
			};
			buildConfigurationList = D0362B9622C1B18D00B4A944 /* Build configuration list for PBXProject "MyDraggingView" */;
			compatibilityVersion = "Xcode 9.3";
			developmentRegion = en;
			hasScannedForEncodings = 0;
			knownRegions = (
				en,
				Base,
			);
			mainGroup = D0362B9222C1B18D00B4A944;
			productRefGroup = D0362B9C22C1B18D00B4A944 /* Products */;
			projectDirPath = "";
			projectRoot = "";
			targets = (
				D0362B9A22C1B18D00B4A944 /* MyDraggingView */,
			);
		};
/* End PBXProject section */

/* Begin PBXResourcesBuildPhase section */
		D0362B9922C1B18D00B4A944 /* Resources */ = {
			isa = PBXResourcesBuildPhase;
			buildActionMask = 2147483647;
			files = (
				D0362BA222C1B18D00B4A944 /* Assets.xcassets in Resources */,
				D0362BA522C1B18D00B4A944 /* MainMenu.xib in Resources */,
			);
			runOnlyForDeploymentPostprocessing = 0;
		};
/* End PBXResourcesBuildPhase section */

/* Begin PBXSourcesBuildPhase section */
		D0362B9722C1B18D00B4A944 /* Sources */ = {
			isa = PBXSourcesBuildPhase;
			buildActionMask = 2147483647;
			files = (
				D0362BA822C1B18E00B4A944 /* main.m in Sources */,
				D0362BA022C1B18D00B4A944 /* AppDelegate.m in Sources */,
				D0362BB122C1B1A100B4A944 /* DraggingView.m in Sources */,
			);
			runOnlyForDeploymentPostprocessing = 0;
		};
/* End PBXSourcesBuildPhase section */

/* Begin PBXVariantGroup section */
		D0362BA322C1B18D00B4A944 /* MainMenu.xib */ = {
			isa = PBXVariantGroup;
			children = (
				D0362BA422C1B18D00B4A944 /* Base */,
			);
			name = MainMenu.xib;
			sourceTree = "<group>";
		};
/* End PBXVariantGroup section */

/* Begin XCBuildConfiguration section */
		D0362BAA22C1B18E00B4A944 /* Debug */ = {
			isa = XCBuildConfiguration;
			buildSettings = {
				ALWAYS_SEARCH_USER_PATHS = NO;
				CLANG_ANALYZER_NONNULL = YES;
				CLANG_ANALYZER_NUMBER_OBJECT_CONVERSION = YES_AGGRESSIVE;
				CLANG_CXX_LANGUAGE_STANDARD = "gnu++14";
				CLANG_CXX_LIBRARY = "libc++";
				CLANG_ENABLE_MODULES = YES;
				CLANG_ENABLE_OBJC_ARC = YES;
				CLANG_ENABLE_OBJC_WEAK = YES;
				CLANG_WARN_BLOCK_CAPTURE_AUTORELEASING = YES;
				CLANG_WARN_BOOL_CONVERSION = YES;
				CLANG_WARN_COMMA = YES;
				CLANG_WARN_CONSTANT_CONVERSION = YES;
				CLANG_WARN_DEPRECATED_OBJC_IMPLEMENTATIONS = YES;
				CLANG_WARN_DIRECT_OBJC_ISA_USAGE = YES_ERROR;
				CLANG_WARN_DOCUMENTATION_COMMENTS = YES;
				CLANG_WARN_EMPTY_BODY = YES;
				CLANG_WARN_ENUM_CONVERSION = YES;
				CLANG_WARN_INFINITE_RECURSION = YES;
				CLANG_WARN_INT_CONVERSION = YES;
				CLANG_WARN_NON_LITERAL_NULL_CONVERSION = YES;
				CLANG_WARN_OBJC_IMPLICIT_RETAIN_SELF = YES;
				CLANG_WARN_OBJC_LITERAL_CONVERSION = YES;
				CLANG_WARN_OBJC_ROOT_CLASS = YES_ERROR;
				CLANG_WARN_RANGE_LOOP_ANALYSIS = YES;
				CLANG_WARN_STRICT_PROTOTYPES = YES;
				CLANG_WARN_SUSPICIOUS_MOVE = YES;
				CLANG_WARN_UNGUARDED_AVAILABILITY = YES_AGGRESSIVE;
				CLANG_WARN_UNREACHABLE_CODE = YES;
				CLANG_WARN__DUPLICATE_METHOD_MATCH = YES;
				CODE_SIGN_IDENTITY = "-";
				COPY_PHASE_STRIP = NO;
				DEBUG_INFORMATION_FORMAT = dwarf;
				ENABLE_STRICT_OBJC_MSGSEND = YES;
				ENABLE_TESTABILITY = YES;
				GCC_C_LANGUAGE_STANDARD = gnu11;
				GCC_DYNAMIC_NO_PIC = NO;
				GCC_NO_COMMON_BLOCKS = YES;
				GCC_OPTIMIZATION_LEVEL = 0;
				GCC_PREPROCESSOR_DEFINITIONS = (
					"DEBUG=1",
					"$(inherited)",
				);
				GCC_WARN_64_TO_32_BIT_CONVERSION = YES;
				GCC_WARN_ABOUT_RETURN_TYPE = YES_ERROR;
				GCC_WARN_UNDECLARED_SELECTOR = YES;
				GCC_WARN_UNINITIALIZED_AUTOS = YES_AGGRESSIVE;
				GCC_WARN_UNUSED_FUNCTION = YES;
				GCC_WARN_UNUSED_VARIABLE = YES;
				MACOSX_DEPLOYMENT_TARGET = 10.13;
				MTL_ENABLE_DEBUG_INFO = INCLUDE_SOURCE;
				MTL_FAST_MATH = YES;
				ONLY_ACTIVE_ARCH = YES;
				SDKROOT = macosx;
			};
			name = Debug;
		};
		D0362BAB22C1B18E00B4A944 /* Release */ = {
			isa = XCBuildConfiguration;
			buildSettings = {
				ALWAYS_SEARCH_USER_PATHS = NO;
				CLANG_ANALYZER_NONNULL = YES;
				CLANG_ANALYZER_NUMBER_OBJECT_CONVERSION = YES_AGGRESSIVE;
				CLANG_CXX_LANGUAGE_STANDARD = "gnu++14";
				CLANG_CXX_LIBRARY = "libc++";
				CLANG_ENABLE_MODULES = YES;
				CLANG_ENABLE_OBJC_ARC = YES;
				CLANG_ENABLE_OBJC_WEAK = YES;
				CLANG_WARN_BLOCK_CAPTURE_AUTORELEASING = YES;
				CLANG_WARN_BOOL_CONVERSION = YES;
				CLANG_WARN_COMMA = YES;
				CLANG_WARN_CONSTANT_CONVERSION = YES;
				CLANG_WARN_DEPRECATED_OBJC_IMPLEMENTATIONS = YES;
				CLANG_WARN_DIRECT_OBJC_ISA_USAGE = YES_ERROR;
				CLANG_WARN_DOCUMENTATION_COMMENTS = YES;
				CLANG_WARN_EMPTY_BODY = YES;
				CLANG_WARN_ENUM_CONVERSION = YES;
				CLANG_WARN_INFINITE_RECURSION = YES;
				CLANG_WARN_INT_CONVERSION = YES;
				CLANG_WARN_NON_LITERAL_NULL_CONVERSION = YES;
				CLANG_WARN_OBJC_IMPLICIT_RETAIN_SELF = YES;
				CLANG_WARN_OBJC_LITERAL_CONVERSION = YES;
				CLANG_WARN_OBJC_ROOT_CLASS = YES_ERROR;
				CLANG_WARN_RANGE_LOOP_ANALYSIS = YES;
				CLANG_WARN_STRICT_PROTOTYPES = YES;
				CLANG_WARN_SUSPICIOUS_MOVE = YES;
				CLANG_WARN_UNGUARDED_AVAILABILITY = YES_AGGRESSIVE;
				CLANG_WARN_UNREACHABLE_CODE = YES;
				CLANG_WARN__DUPLICATE_METHOD_MATCH = YES;
				CODE_SIGN_IDENTITY = "-";
				COPY_PHASE_STRIP = NO;
				DEBUG_INFORMATION_FORMAT = "dwarf-with-dsym";
				ENABLE_NS_ASSERTIONS = NO;
				ENABLE_STRICT_OBJC_MSGSEND = YES;
				GCC_C_LANGUAGE_STANDARD = gnu11;
				GCC_NO_COMMON_BLOCKS = YES;
				GCC_WARN_64_TO_32_BIT_CONVERSION = YES;
				GCC_WARN_ABOUT_RETURN_TYPE = YES_ERROR;
				GCC_WARN_UNDECLARED_SELECTOR = YES;
				GCC_WARN_UNINITIALIZED_AUTOS = YES_AGGRESSIVE;
				GCC_WARN_UNUSED_FUNCTION = YES;
				GCC_WARN_UNUSED_VARIABLE = YES;
				MACOSX_DEPLOYMENT_TARGET = 10.13;
				MTL_ENABLE_DEBUG_INFO = NO;
				MTL_FAST_MATH = YES;
				SDKROOT = macosx;
			};
			name = Release;
		};
		D0362BAD22C1B18E00B4A944 /* Debug */ = {
			isa = XCBuildConfiguration;
			buildSettings = {
				ASSETCATALOG_COMPILER_APPICON_NAME = AppIcon;
				CODE_SIGN_ENTITLEMENTS = MyDraggingView/MyDraggingView.entitlements;
				CODE_SIGN_STYLE = Automatic;
				COMBINE_HIDPI_IMAGES = YES;
				INFOPLIST_FILE = MyDraggingView/Info.plist;
				LD_RUNPATH_SEARCH_PATHS = (
					"$(inherited)",
					"@executable_path/../Frameworks",
				);
				PRODUCT_BUNDLE_IDENTIFIER = jp.co.hikeuchi.MyDraggingView;
				PRODUCT_NAME = "$(TARGET_NAME)";
			};
			name = Debug;
		};
		D0362BAE22C1B18E00B4A944 /* Release */ = {
			isa = XCBuildConfiguration;
			buildSettings = {
				ASSETCATALOG_COMPILER_APPICON_NAME = AppIcon;
				CODE_SIGN_ENTITLEMENTS = MyDraggingView/MyDraggingView.entitlements;
				CODE_SIGN_STYLE = Automatic;
				COMBINE_HIDPI_IMAGES = YES;
				INFOPLIST_FILE = MyDraggingView/Info.plist;
				LD_RUNPATH_SEARCH_PATHS = (
					"$(inherited)",
					"@executable_path/../Frameworks",
				);
				PRODUCT_BUNDLE_IDENTIFIER = jp.co.hikeuchi.MyDraggingView;
				PRODUCT_NAME = "$(TARGET_NAME)";
			};
			name = Release;
		};
/* End XCBuildConfiguration section */

/* Begin XCConfigurationList section */
		D0362B9622C1B18D00B4A944 /* Build configuration list for PBXProject "MyDraggingView" */ = {
			isa = XCConfigurationList;
			buildConfigurations = (
				D0362BAA22C1B18E00B4A944 /* Debug */,
				D0362BAB22C1B18E00B4A944 /* Release */,
			);
			defaultConfigurationIsVisible = 0;
			defaultConfigurationName = Release;
		};
		D0362BAC22C1B18E00B4A944 /* Build configuration list for PBXNativeTarget "MyDraggingView" */ = {
			isa = XCConfigurationList;
			buildConfigurations = (
				D0362BAD22C1B18E00B4A944 /* Debug */,
				D0362BAE22C1B18E00B4A944 /* Release */,
			);
			defaultConfigurationIsVisible = 0;
			defaultConfigurationName = Release;
		};
/* End XCConfigurationList section */
	};
	rootObject = D0362B9322C1B18D00B4A944 /* Project object */;
}
